
Microsoft Visual Studio Solution File, Format Version 12.00
# Visual Studio Version 16
VisualStudioVersion = 16.0.29201.188
MinimumVisualStudioVersion = 10.0.40219.1
Project("{FAE04EC0-301F-11D3-BF4B-00C04F79EFBC}") = "primerparcial", "primerparcial\primerparcial.csproj", "{B1148817-44BE-48EF-98A5-99739D997ACA}"
EndProject
Project("{FAE04EC0-301F-11D3-BF4B-00C04F79EFBC}") = "DAO", "DAO\DAO.csproj", "{C13F03E4-CCEC-4E11-BDB5-378EFFC77F47}"
EndProject
Project("{FAE04EC0-301F-11D3-BF4B-00C04F79EFBC}") = "BE", "BE\BE.csproj", "{E32C14C3-B409-4C02-B180-DC1EFC34743E}"
EndProject
Project("{FAE04EC0-301F-11D3-BF4B-00C04F79EFBC}") = "BLL", "BLL\BLL.csproj", "{C4C32B94-61E6-4ECA-A586-DC09325E2D81}"
EndProject
Global
	GlobalSection(SolutionConfigurationPlatforms) = preSolution
		Debug|Any CPU = Debug|Any CPU
		Release|Any CPU = Release|Any CPU
	EndGlobalSection
	GlobalSection(ProjectConfigurationPlatforms) = postSolution
		{B1148817-44BE-48EF-98A5-99739D997ACA}.Debug|Any CPU.ActiveCfg = Debug|Any CPU
		{B1148817-44BE-48EF-98A5-99739D997ACA}.Debug|Any CPU.Build.0 = Debug|Any CPU
		{B1148817-44BE-48EF-98A5-99739D997ACA}.Release|Any CPU.ActiveCfg = Release|Any CPU
		{B1148817-44BE-48EF-98A5-99739D997ACA}.Release|Any CPU.Build.0 = Release|Any CPU
		{C13F03E4-CCEC-4E11-BDB5-378EFFC77F47}.Debug|Any CPU.ActiveCfg = Debug|Any CPU
		{C13F03E4-CCEC-4E11-BDB5-378EFFC77F47}.Debug|Any CPU.Build.0 = Debug|Any CPU
		{C13F03E4-CCEC-4E11-BDB5-378EFFC77F47}.Release|Any CPU.ActiveCfg = Release|Any CPU
		{C13F03E4-CCEC-4E11-BDB5-378EFFC77F47}.Release|Any CPU.Build.0 = Release|Any CPU
		{E32C14C3-B409-4C02-B180-DC1EFC34743E}.Debug|Any CPU.ActiveCfg = Debug|Any CPU
		{E32C14C3-B409-4C02-B180-DC1EFC34743E}.Debug|Any CPU.Build.0 = Debug|Any CPU
		{E32C14C3-B409-4C02-B180-DC1EFC34743E}.Release|Any CPU.ActiveCfg = Release|Any CPU
		{E32C14C3-B409-4C02-B180-DC1EFC34743E}.Release|Any CPU.Build.0 = Release|Any CPU
		{C4C32B94-61E6-4ECA-A586-DC09325E2D81}.Debug|Any CPU.ActiveCfg = Debug|Any CPU
		{C4C32B94-61E6-4ECA-A586-DC09325E2D81}.Debug|Any CPU.Build.0 = Debug|Any CPU
		{C4C32B94-61E6-4ECA-A586-DC09325E2D81}.Release|Any CPU.ActiveCfg = Release|Any CPU
		{C4C32B94-61E6-4ECA-A586-DC09325E2D81}.Release|Any CPU.Build.0 = Release|Any CPU
	EndGlobalSection
	GlobalSection(SolutionProperties) = preSolution
		HideSolutionNode = FALSE
	EndGlobalSection
	GlobalSection(ExtensibilityGlobals) = postSolution
		SolutionGuid = {4C5119E4-D326-4AC4-80BF-65E0252AD3C6}
	EndGlobalSection
EndGlobal
